# THIS IS AN AUTOGENERATED FILE. DO NOT EDIT THIS FILE DIRECTLY.
# yarn lockfile v1


nan@^2.14.1:
  version "2.14.1"
  resolved "https://registry.yarnpkg.com/nan/-/nan-2.14.1.tgz#d7be34dfa3105b91494c3147089315eff8874b01"
  integrity sha512-isWHgVjnFjh2x2yuJ/tj3JbwoHu3UC2dX5G/88Cm24yB6YopVgxvBObDY7n5xW6ExmFhJpSEQqFPvq9zaXc8Jw==

tree-sitter-cli@^0.16.7:
  version "0.16.7"
  resolved "https://registry.yarnpkg.com/tree-sitter-cli/-/tree-sitter-cli-0.16.7.tgz#6448eab395214a4bead13b16f89751bdad87c8ee"
  integrity sha512-nupMLwveMlOCni7VoenQb02h0tBZvX1wpXW5r5hRKpliOQO/Mvau+X1Ug1hvYlnCGgqPQqYFIOoumT87nJBkhA==
